
Microsoft Visual Studio Solution File, Format Version 12.00
# Visual Studio Version 16
VisualStudioVersion = 16.0.31410.357
MinimumVisualStudioVersion = 10.0.40219.1
Project("{FAE04EC0-301F-11D3-BF4B-00C04F79EFBC}") = "DSLQuery", "DSLQuery.csproj", "{EB8977DE-DA4A-482F-892E-03A460BD5188}"
EndProject
Global
	GlobalSection(SolutionConfigurationPlatforms) = preSolution
		Debug|Any CPU = Debug|Any CPU
		Release|Any CPU = Release|Any CPU
	EndGlobalSection
	GlobalSection(ProjectConfigurationPlatforms) = postSolution
		{EB8977DE-DA4A-482F-892E-03A460BD5188}.Debug|Any CPU.ActiveCfg = Debug|Any CPU
		{EB8977DE-DA4A-482F-892E-03A460BD5188}.Debug|Any CPU.Build.0 = Debug|Any CPU
		{EB8977DE-DA4A-482F-892E-03A460BD5188}.Release|Any CPU.ActiveCfg = Release|Any CPU
		{EB8977DE-DA4A-482F-892E-03A460BD5188}.Release|Any CPU.Build.0 = Release|Any CPU
	EndGlobalSection
	GlobalSection(SolutionProperties) = preSolution
		HideSolutionNode = FALSE
	EndGlobalSection
	GlobalSection(ExtensibilityGlobals) = postSolution
		SolutionGuid = {6D704F69-3FE4-45F7-8DC6-AA0D803EAE3C}
	EndGlobalSection
EndGlobal
